// !$*UTF8*$!
{
	archiveVersion = 1;
	classes = {
	};
	objectVersion = 56;
	objects = {

/* Begin PBXBuildFile section */
		CD3F6F202AE7B84E00F11ECB /* LearningAcademyApp.swift in Sources */ = {isa = PBXBuildFile; fileRef = CD3F6F1F2AE7B84E00F11ECB /* LearningAcademyApp.swift */; };
		CD3F6F222AE7B84E00F11ECB /* ContentView.swift in Sources */ = {isa = PBXBuildFile; fileRef = CD3F6F212AE7B84E00F11ECB /* ContentView.swift */; };
		CD3F6F242AE7B85300F11ECB /* Assets.xcassets in Resources */ = {isa = PBXBuildFile; fileRef = CD3F6F232AE7B85300F11ECB /* Assets.xcassets */; };
		CD3F6F272AE7B85300F11ECB /* Preview Assets.xcassets in Resources */ = {isa = PBXBuildFile; fileRef = CD3F6F262AE7B85300F11ECB /* Preview Assets.xcassets */; };
		CD3F6F2F2AE7B96F00F11ECB /* UserStaticData.json in Resources */ = {isa = PBXBuildFile; fileRef = CD3F6F2E2AE7B96F00F11ECB /* UserStaticData.json */; };
		CD3F6F312AE7B9DE00F11ECB /* SingleUserData.json in Resources */ = {isa = PBXBuildFile; fileRef = CD3F6F302AE7B9DE00F11ECB /* SingleUserData.json */; };
		CD3F6F332AE7BC8800F11ECB /* Symbols.swift in Sources */ = {isa = PBXBuildFile; fileRef = CD3F6F322AE7BC8800F11ECB /* Symbols.swift */; };
		CD3F6F362AE7BD0500F11ECB /* Theme.swift in Sources */ = {isa = PBXBuildFile; fileRef = CD3F6F352AE7BD0500F11ECB /* Theme.swift */; };
		CD3F6F3A2AE7C09500F11ECB /* View+Navigation.swift in Sources */ = {isa = PBXBuildFile; fileRef = CD3F6F392AE7C09500F11ECB /* View+Navigation.swift */; };
		CD3F6F3F2AE7C20500F11ECB /* UsersResponse.swift in Sources */ = {isa = PBXBuildFile; fileRef = CD3F6F3E2AE7C20500F11ECB /* UsersResponse.swift */; };
		CD3F6F422AE7C2C800F11ECB /* Models.swift in Sources */ = {isa = PBXBuildFile; fileRef = CD3F6F412AE7C2C800F11ECB /* Models.swift */; };
		CD3F6F452AE7C4BC00F11ECB /* UserViewModel.swift in Sources */ = {isa = PBXBuildFile; fileRef = CD3F6F442AE7C4BC00F11ECB /* UserViewModel.swift */; };
		CD3F6F482AE7C98000F11ECB /* Endpoint.swift in Sources */ = {isa = PBXBuildFile; fileRef = CD3F6F472AE7C98000F11ECB /* Endpoint.swift */; };
		CD3F6F4A2AE7CF2600F11ECB /* NetworkingManager.swift in Sources */ = {isa = PBXBuildFile; fileRef = CD3F6F492AE7CF2600F11ECB /* NetworkingManager.swift */; };
/* End PBXBuildFile section */

/* Begin PBXFileReference section */
		CD3F6F1C2AE7B84E00F11ECB /* LearningAcademy.app */ = {isa = PBXFileReference; explicitFileType = wrapper.application; includeInIndex = 0; path = LearningAcademy.app; sourceTree = BUILT_PRODUCTS_DIR; };
		CD3F6F1F2AE7B84E00F11ECB /* LearningAcademyApp.swift */ = {isa = PBXFileReference; lastKnownFileType = sourcecode.swift; path = LearningAcademyApp.swift; sourceTree = "<group>"; };
		CD3F6F212AE7B84E00F11ECB /* ContentView.swift */ = {isa = PBXFileReference; lastKnownFileType = sourcecode.swift; path = ContentView.swift; sourceTree = "<group>"; };
		CD3F6F232AE7B85300F11ECB /* Assets.xcassets */ = {isa = PBXFileReference; lastKnownFileType = folder.assetcatalog; path = Assets.xcassets; sourceTree = "<group>"; };
		CD3F6F262AE7B85300F11ECB /* Preview Assets.xcassets */ = {isa = PBXFileReference; lastKnownFileType = folder.assetcatalog; path = "Preview Assets.xcassets"; sourceTree = "<group>"; };
		CD3F6F2E2AE7B96F00F11ECB /* UserStaticData.json */ = {isa = PBXFileReference; lastKnownFileType = text.json; path = UserStaticData.json; sourceTree = "<group>"; };
		CD3F6F302AE7B9DE00F11ECB /* SingleUserData.json */ = {isa = PBXFileReference; lastKnownFileType = text.json; path = SingleUserData.json; sourceTree = "<group>"; };
		CD3F6F322AE7BC8800F11ECB /* Symbols.swift */ = {isa = PBXFileReference; lastKnownFileType = sourcecode.swift; path = Symbols.swift; sourceTree = "<group>"; };
		CD3F6F352AE7BD0500F11ECB /* Theme.swift */ = {isa = PBXFileReference; lastKnownFileType = sourcecode.swift; path = Theme.swift; sourceTree = "<group>"; };
		CD3F6F392AE7C09500F11ECB /* View+Navigation.swift */ = {isa = PBXFileReference; lastKnownFileType = sourcecode.swift; path = "View+Navigation.swift"; sourceTree = "<group>"; };
		CD3F6F3E2AE7C20500F11ECB /* UsersResponse.swift */ = {isa = PBXFileReference; lastKnownFileType = sourcecode.swift; path = UsersResponse.swift; sourceTree = "<group>"; };
		CD3F6F412AE7C2C800F11ECB /* Models.swift */ = {isa = PBXFileReference; lastKnownFileType = sourcecode.swift; path = Models.swift; sourceTree = "<group>"; };
		CD3F6F442AE7C4BC00F11ECB /* UserViewModel.swift */ = {isa = PBXFileReference; lastKnownFileType = sourcecode.swift; path = UserViewModel.swift; sourceTree = "<group>"; };
		CD3F6F472AE7C98000F11ECB /* Endpoint.swift */ = {isa = PBXFileReference; lastKnownFileType = sourcecode.swift; path = Endpoint.swift; sourceTree = "<group>"; };
		CD3F6F492AE7CF2600F11ECB /* NetworkingManager.swift */ = {isa = PBXFileReference; lastKnownFileType = sourcecode.swift; path = NetworkingManager.swift; sourceTree = "<group>"; };
/* End PBXFileReference section */

/* Begin PBXFrameworksBuildPhase section */
		CD3F6F192AE7B84E00F11ECB /* Frameworks */ = {
			isa = PBXFrameworksBuildPhase;
			buildActionMask = 2147483647;
			files = (
			);
			runOnlyForDeploymentPostprocessing = 0;
		};
/* End PBXFrameworksBuildPhase section */

/* Begin PBXGroup section */
		CD3F6F132AE7B84E00F11ECB = {
			isa = PBXGroup;
			children = (
				CD3F6F1E2AE7B84E00F11ECB /* LearningAcademy */,
				CD3F6F1D2AE7B84E00F11ECB /* Products */,
			);
			sourceTree = "<group>";
		};
		CD3F6F1D2AE7B84E00F11ECB /* Products */ = {
			isa = PBXGroup;
			children = (
				CD3F6F1C2AE7B84E00F11ECB /* LearningAcademy.app */,
			);
			name = Products;
			sourceTree = "<group>";
		};
		CD3F6F1E2AE7B84E00F11ECB /* LearningAcademy */ = {
			isa = PBXGroup;
			children = (
				CD3F6F3B2AE7C1AA00F11ECB /* Features */,
				CD3F6F372AE7C05B00F11ECB /* Base */,
				CD3F6F1F2AE7B84E00F11ECB /* LearningAcademyApp.swift */,
				CD3F6F212AE7B84E00F11ECB /* ContentView.swift */,
				CD3F6F2D2AE7B92D00F11ECB /* Resources */,
				CD3F6F232AE7B85300F11ECB /* Assets.xcassets */,
				CD3F6F252AE7B85300F11ECB /* Preview Content */,
			);
			path = LearningAcademy;
			sourceTree = "<group>";
		};
		CD3F6F252AE7B85300F11ECB /* Preview Content */ = {
			isa = PBXGroup;
			children = (
				CD3F6F262AE7B85300F11ECB /* Preview Assets.xcassets */,
			);
			path = "Preview Content";
			sourceTree = "<group>";
		};
		CD3F6F2D2AE7B92D00F11ECB /* Resources */ = {
			isa = PBXGroup;
			children = (
				CD3F6F342AE7BC9000F11ECB /* JSON */,
				CD3F6F322AE7BC8800F11ECB /* Symbols.swift */,
				CD3F6F352AE7BD0500F11ECB /* Theme.swift */,
			);
			path = Resources;
			sourceTree = "<group>";
		};
		CD3F6F342AE7BC9000F11ECB /* JSON */ = {
			isa = PBXGroup;
			children = (
				CD3F6F2E2AE7B96F00F11ECB /* UserStaticData.json */,
				CD3F6F302AE7B9DE00F11ECB /* SingleUserData.json */,
			);
			path = JSON;
			sourceTree = "<group>";
		};
		CD3F6F372AE7C05B00F11ECB /* Base */ = {
			isa = PBXGroup;
			children = (
				CD3F6F462AE7C96500F11ECB /* API */,
				CD3F6F402AE7C2B400F11ECB /* Model */,
				CD3F6F382AE7C07000F11ECB /* Extensions */,
			);
			path = Base;
			sourceTree = "<group>";
		};
		CD3F6F382AE7C07000F11ECB /* Extensions */ = {
			isa = PBXGroup;
			children = (
				CD3F6F392AE7C09500F11ECB /* View+Navigation.swift */,
			);
			path = Extensions;
			sourceTree = "<group>";
		};
		CD3F6F3B2AE7C1AA00F11ECB /* Features */ = {
			isa = PBXGroup;
			children = (
				CD3F6F3C2AE7C1B200F11ECB /* User */,
			);
			path = Features;
			sourceTree = "<group>";
		};
		CD3F6F3C2AE7C1B200F11ECB /* User */ = {
			isa = PBXGroup;
			children = (
				CD3F6F432AE7C48500F11ECB /* View Models */,
				CD3F6F3D2AE7C1E900F11ECB /* Model */,
			);
			path = User;
			sourceTree = "<group>";
		};
		CD3F6F3D2AE7C1E900F11ECB /* Model */ = {
			isa = PBXGroup;
			children = (
				CD3F6F3E2AE7C20500F11ECB /* UsersResponse.swift */,
			);
			path = Model;
			sourceTree = "<group>";
		};
		CD3F6F402AE7C2B400F11ECB /* Model */ = {
			isa = PBXGroup;
			children = (
				CD3F6F412AE7C2C800F11ECB /* Models.swift */,
			);
			path = Model;
			sourceTree = "<group>";
		};
		CD3F6F432AE7C48500F11ECB /* View Models */ = {
			isa = PBXGroup;
			children = (
				CD3F6F442AE7C4BC00F11ECB /* UserViewModel.swift */,
			);
			path = "View Models";
			sourceTree = "<group>";
		};
		CD3F6F462AE7C96500F11ECB /* API */ = {
			isa = PBXGroup;
			children = (
				CD3F6F472AE7C98000F11ECB /* Endpoint.swift */,
				CD3F6F492AE7CF2600F11ECB /* NetworkingManager.swift */,
			);
			path = API;
			sourceTree = "<group>";
		};
/* End PBXGroup section */

/* Begin PBXNativeTarget section */
		CD3F6F1B2AE7B84E00F11ECB /* LearningAcademy */ = {
			isa = PBXNativeTarget;
			buildConfigurationList = CD3F6F2A2AE7B85400F11ECB /* Build configuration list for PBXNativeTarget "LearningAcademy" */;
			buildPhases = (
				CD3F6F182AE7B84E00F11ECB /* Sources */,
				CD3F6F192AE7B84E00F11ECB /* Frameworks */,
				CD3F6F1A2AE7B84E00F11ECB /* Resources */,
			);
			buildRules = (
			);
			dependencies = (
			);
			name = LearningAcademy;
			productName = LearningAcademy;
			productReference = CD3F6F1C2AE7B84E00F11ECB /* LearningAcademy.app */;
			productType = "com.apple.product-type.application";
		};
/* End PBXNativeTarget section */

/* Begin PBXProject section */
		CD3F6F142AE7B84E00F11ECB /* Project object */ = {
			isa = PBXProject;
			attributes = {
				BuildIndependentTargetsInParallel = 1;
				LastSwiftUpdateCheck = 1500;
				LastUpgradeCheck = 1500;
				TargetAttributes = {
					CD3F6F1B2AE7B84E00F11ECB = {
						CreatedOnToolsVersion = 15.0.1;
					};
				};
			};
			buildConfigurationList = CD3F6F172AE7B84E00F11ECB /* Build configuration list for PBXProject "LearningAcademy" */;
			compatibilityVersion = "Xcode 14.0";
			developmentRegion = en;
			hasScannedForEncodings = 0;
			knownRegions = (
				en,
				Base,
			);
			mainGroup = CD3F6F132AE7B84E00F11ECB;
			productRefGroup = CD3F6F1D2AE7B84E00F11ECB /* Products */;
			projectDirPath = "";
			projectRoot = "";
			targets = (
				CD3F6F1B2AE7B84E00F11ECB /* LearningAcademy */,
			);
		};
/* End PBXProject section */

/* Begin PBXResourcesBuildPhase section */
		CD3F6F1A2AE7B84E00F11ECB /* Resources */ = {
			isa = PBXResourcesBuildPhase;
			buildActionMask = 2147483647;
			files = (
				CD3F6F272AE7B85300F11ECB /* Preview Assets.xcassets in Resources */,
				CD3F6F242AE7B85300F11ECB /* Assets.xcassets in Resources */,
				CD3F6F312AE7B9DE00F11ECB /* SingleUserData.json in Resources */,
				CD3F6F2F2AE7B96F00F11ECB /* UserStaticData.json in Resources */,
			);
			runOnlyForDeploymentPostprocessing = 0;
		};
/* End PBXResourcesBuildPhase section */

/* Begin PBXSourcesBuildPhase section */
		CD3F6F182AE7B84E00F11ECB /* Sources */ = {
			isa = PBXSourcesBuildPhase;
			buildActionMask = 2147483647;
			files = (
				CD3F6F332AE7BC8800F11ECB /* Symbols.swift in Sources */,
				CD3F6F482AE7C98000F11ECB /* Endpoint.swift in Sources */,
				CD3F6F452AE7C4BC00F11ECB /* UserViewModel.swift in Sources */,
				CD3F6F4A2AE7CF2600F11ECB /* NetworkingManager.swift in Sources */,
				CD3F6F362AE7BD0500F11ECB /* Theme.swift in Sources */,
				CD3F6F3A2AE7C09500F11ECB /* View+Navigation.swift in Sources */,
				CD3F6F222AE7B84E00F11ECB /* ContentView.swift in Sources */,
				CD3F6F202AE7B84E00F11ECB /* LearningAcademyApp.swift in Sources */,
				CD3F6F3F2AE7C20500F11ECB /* UsersResponse.swift in Sources */,
				CD3F6F422AE7C2C800F11ECB /* Models.swift in Sources */,
			);
			runOnlyForDeploymentPostprocessing = 0;
		};
/* End PBXSourcesBuildPhase section */

/* Begin XCBuildConfiguration section */
		CD3F6F282AE7B85300F11ECB /* Debug */ = {
			isa = XCBuildConfiguration;
			buildSettings = {
				ALWAYS_SEARCH_USER_PATHS = NO;
				ASSETCATALOG_COMPILER_GENERATE_SWIFT_ASSET_SYMBOL_EXTENSIONS = YES;
				CLANG_ANALYZER_NONNULL = YES;
				CLANG_ANALYZER_NUMBER_OBJECT_CONVERSION = YES_AGGRESSIVE;
				CLANG_CXX_LANGUAGE_STANDARD = "gnu++20";
				CLANG_ENABLE_MODULES = YES;
				CLANG_ENABLE_OBJC_ARC = YES;
				CLANG_ENABLE_OBJC_WEAK = YES;
				CLANG_WARN_BLOCK_CAPTURE_AUTORELEASING = YES;
				CLANG_WARN_BOOL_CONVERSION = YES;
				CLANG_WARN_COMMA = YES;
				CLANG_WARN_CONSTANT_CONVERSION = YES;
				CLANG_WARN_DEPRECATED_OBJC_IMPLEMENTATIONS = YES;
				CLANG_WARN_DIRECT_OBJC_ISA_USAGE = YES_ERROR;
				CLANG_WARN_DOCUMENTATION_COMMENTS = YES;
				CLANG_WARN_EMPTY_BODY = YES;
				CLANG_WARN_ENUM_CONVERSION = YES;
				CLANG_WARN_INFINITE_RECURSION = YES;
				CLANG_WARN_INT_CONVERSION = YES;
				CLANG_WARN_NON_LITERAL_NULL_CONVERSION = YES;
				CLANG_WARN_OBJC_IMPLICIT_RETAIN_SELF = YES;
				CLANG_WARN_OBJC_LITERAL_CONVERSION = YES;
				CLANG_WARN_OBJC_ROOT_CLASS = YES_ERROR;
				CLANG_WARN_QUOTED_INCLUDE_IN_FRAMEWORK_HEADER = YES;
				CLANG_WARN_RANGE_LOOP_ANALYSIS = YES;
				CLANG_WARN_STRICT_PROTOTYPES = YES;
				CLANG_WARN_SUSPICIOUS_MOVE = YES;
				CLANG_WARN_UNGUARDED_AVAILABILITY = YES_AGGRESSIVE;
				CLANG_WARN_UNREACHABLE_CODE = YES;
				CLANG_WARN__DUPLICATE_METHOD_MATCH = YES;
				COPY_PHASE_STRIP = NO;
				DEBUG_INFORMATION_FORMAT = dwarf;
				ENABLE_STRICT_OBJC_MSGSEND = YES;
				ENABLE_TESTABILITY = YES;
				ENABLE_USER_SCRIPT_SANDBOXING = YES;
				GCC_C_LANGUAGE_STANDARD = gnu17;
				GCC_DYNAMIC_NO_PIC = NO;
				GCC_NO_COMMON_BLOCKS = YES;
				GCC_OPTIMIZATION_LEVEL = 0;
				GCC_PREPROCESSOR_DEFINITIONS = (
					"DEBUG=1",
					"$(inherited)",
				);
				GCC_WARN_64_TO_32_BIT_CONVERSION = YES;
				GCC_WARN_ABOUT_RETURN_TYPE = YES_ERROR;
				GCC_WARN_UNDECLARED_SELECTOR = YES;
				GCC_WARN_UNINITIALIZED_AUTOS = YES_AGGRESSIVE;
				GCC_WARN_UNUSED_FUNCTION = YES;
				GCC_WARN_UNUSED_VARIABLE = YES;
				IPHONEOS_DEPLOYMENT_TARGET = 17.0;
				LOCALIZATION_PREFERS_STRING_CATALOGS = YES;
				MTL_ENABLE_DEBUG_INFO = INCLUDE_SOURCE;
				MTL_FAST_MATH = YES;
				ONLY_ACTIVE_ARCH = YES;
				SDKROOT = iphoneos;
				SWIFT_ACTIVE_COMPILATION_CONDITIONS = "DEBUG $(inherited)";
				SWIFT_OPTIMIZATION_LEVEL = "-Onone";
			};
			name = Debug;
		};
		CD3F6F292AE7B85300F11ECB /* Release */ = {
			isa = XCBuildConfiguration;
			buildSettings = {
				ALWAYS_SEARCH_USER_PATHS = NO;
				ASSETCATALOG_COMPILER_GENERATE_SWIFT_ASSET_SYMBOL_EXTENSIONS = YES;
				CLANG_ANALYZER_NONNULL = YES;
				CLANG_ANALYZER_NUMBER_OBJECT_CONVERSION = YES_AGGRESSIVE;
				CLANG_CXX_LANGUAGE_STANDARD = "gnu++20";
				CLANG_ENABLE_MODULES = YES;
				CLANG_ENABLE_OBJC_ARC = YES;
				CLANG_ENABLE_OBJC_WEAK = YES;
				CLANG_WARN_BLOCK_CAPTURE_AUTORELEASING = YES;
				CLANG_WARN_BOOL_CONVERSION = YES;
				CLANG_WARN_COMMA = YES;
				CLANG_WARN_CONSTANT_CONVERSION = YES;
				CLANG_WARN_DEPRECATED_OBJC_IMPLEMENTATIONS = YES;
				CLANG_WARN_DIRECT_OBJC_ISA_USAGE = YES_ERROR;
				CLANG_WARN_DOCUMENTATION_COMMENTS = YES;
				CLANG_WARN_EMPTY_BODY = YES;
				CLANG_WARN_ENUM_CONVERSION = YES;
				CLANG_WARN_INFINITE_RECURSION = YES;
				CLANG_WARN_INT_CONVERSION = YES;
				CLANG_WARN_NON_LITERAL_NULL_CONVERSION = YES;
				CLANG_WARN_OBJC_IMPLICIT_RETAIN_SELF = YES;
				CLANG_WARN_OBJC_LITERAL_CONVERSION = YES;
				CLANG_WARN_OBJC_ROOT_CLASS = YES_ERROR;
				CLANG_WARN_QUOTED_INCLUDE_IN_FRAMEWORK_HEADER = YES;
				CLANG_WARN_RANGE_LOOP_ANALYSIS = YES;
				CLANG_WARN_STRICT_PROTOTYPES = YES;
				CLANG_WARN_SUSPICIOUS_MOVE = YES;
				CLANG_WARN_UNGUARDED_AVAILABILITY = YES_AGGRESSIVE;
				CLANG_WARN_UNREACHABLE_CODE = YES;
				CLANG_WARN__DUPLICATE_METHOD_MATCH = YES;
				COPY_PHASE_STRIP = NO;
				DEBUG_INFORMATION_FORMAT = "dwarf-with-dsym";
				ENABLE_NS_ASSERTIONS = NO;
				ENABLE_STRICT_OBJC_MSGSEND = YES;
				ENABLE_USER_SCRIPT_SANDBOXING = YES;
				GCC_C_LANGUAGE_STANDARD = gnu17;
				GCC_NO_COMMON_BLOCKS = YES;
				GCC_WARN_64_TO_32_BIT_CONVERSION = YES;
				GCC_WARN_ABOUT_RETURN_TYPE = YES_ERROR;
				GCC_WARN_UNDECLARED_SELECTOR = YES;
				GCC_WARN_UNINITIALIZED_AUTOS = YES_AGGRESSIVE;
				GCC_WARN_UNUSED_FUNCTION = YES;
				GCC_WARN_UNUSED_VARIABLE = YES;
				IPHONEOS_DEPLOYMENT_TARGET = 17.0;
				LOCALIZATION_PREFERS_STRING_CATALOGS = YES;
				MTL_ENABLE_DEBUG_INFO = NO;
				MTL_FAST_MATH = YES;
				SDKROOT = iphoneos;
				SWIFT_COMPILATION_MODE = wholemodule;
				VALIDATE_PRODUCT = YES;
			};
			name = Release;
		};
		CD3F6F2B2AE7B85400F11ECB /* Debug */ = {
			isa = XCBuildConfiguration;
			buildSettings = {
				ASSETCATALOG_COMPILER_APPICON_NAME = AppIcon;
				ASSETCATALOG_COMPILER_GLOBAL_ACCENT_COLOR_NAME = AccentColor;
				CODE_SIGN_STYLE = Automatic;
				CURRENT_PROJECT_VERSION = 1;
				DEVELOPMENT_ASSET_PATHS = "\"LearningAcademy/Preview Content\"";
				DEVELOPMENT_TEAM = JKR3XZ5TBQ;
				ENABLE_PREVIEWS = YES;
				GENERATE_INFOPLIST_FILE = YES;
				INFOPLIST_KEY_UIApplicationSceneManifest_Generation = YES;
				INFOPLIST_KEY_UIApplicationSupportsIndirectInputEvents = YES;
				INFOPLIST_KEY_UILaunchScreen_Generation = YES;
				INFOPLIST_KEY_UISupportedInterfaceOrientations_iPad = "UIInterfaceOrientationPortrait UIInterfaceOrientationPortraitUpsideDown UIInterfaceOrientationLandscapeLeft UIInterfaceOrientationLandscapeRight";
				INFOPLIST_KEY_UISupportedInterfaceOrientations_iPhone = "UIInterfaceOrientationPortrait UIInterfaceOrientationLandscapeLeft UIInterfaceOrientationLandscapeRight";
				LD_RUNPATH_SEARCH_PATHS = (
					"$(inherited)",
					"@executable_path/Frameworks",
				);
				MARKETING_VERSION = 1.0;
				PRODUCT_BUNDLE_IDENTIFIER = com.manishparihar.LearningAcademy;
				PRODUCT_NAME = "$(TARGET_NAME)";
				SWIFT_EMIT_LOC_STRINGS = YES;
				SWIFT_VERSION = 5.0;
				TARGETED_DEVICE_FAMILY = "1,2";
			};
			name = Debug;
		};
		CD3F6F2C2AE7B85400F11ECB /* Release */ = {
			isa = XCBuildConfiguration;
			buildSettings = {
				ASSETCATALOG_COMPILER_APPICON_NAME = AppIcon;
				ASSETCATALOG_COMPILER_GLOBAL_ACCENT_COLOR_NAME = AccentColor;
				CODE_SIGN_STYLE = Automatic;
				CURRENT_PROJECT_VERSION = 1;
				DEVELOPMENT_ASSET_PATHS = "\"LearningAcademy/Preview Content\"";
				DEVELOPMENT_TEAM = JKR3XZ5TBQ;
				ENABLE_PREVIEWS = YES;
				GENERATE_INFOPLIST_FILE = YES;
				INFOPLIST_KEY_UIApplicationSceneManifest_Generation = YES;
				INFOPLIST_KEY_UIApplicationSupportsIndirectInputEvents = YES;
				INFOPLIST_KEY_UILaunchScreen_Generation = YES;
				INFOPLIST_KEY_UISupportedInterfaceOrientations_iPad = "UIInterfaceOrientationPortrait UIInterfaceOrientationPortraitUpsideDown UIInterfaceOrientationLandscapeLeft UIInterfaceOrientationLandscapeRight";
				INFOPLIST_KEY_UISupportedInterfaceOrientations_iPhone = "UIInterfaceOrientationPortrait UIInterfaceOrientationLandscapeLeft UIInterfaceOrientationLandscapeRight";
				LD_RUNPATH_SEARCH_PATHS = (
					"$(inherited)",
					"@executable_path/Frameworks",
				);
				MARKETING_VERSION = 1.0;
				PRODUCT_BUNDLE_IDENTIFIER = com.manishparihar.LearningAcademy;
				PRODUCT_NAME = "$(TARGET_NAME)";
				SWIFT_EMIT_LOC_STRINGS = YES;
				SWIFT_VERSION = 5.0;
				TARGETED_DEVICE_FAMILY = "1,2";
			};
			name = Release;
		};
/* End XCBuildConfiguration section */

/* Begin XCConfigurationList section */
		CD3F6F172AE7B84E00F11ECB /* Build configuration list for PBXProject "LearningAcademy" */ = {
			isa = XCConfigurationList;
			buildConfigurations = (
				CD3F6F282AE7B85300F11ECB /* Debug */,
				CD3F6F292AE7B85300F11ECB /* Release */,
			);
			defaultConfigurationIsVisible = 0;
			defaultConfigurationName = Release;
		};
		CD3F6F2A2AE7B85400F11ECB /* Build configuration list for PBXNativeTarget "LearningAcademy" */ = {
			isa = XCConfigurationList;
			buildConfigurations = (
				CD3F6F2B2AE7B85400F11ECB /* Debug */,
				CD3F6F2C2AE7B85400F11ECB /* Release */,
			);
			defaultConfigurationIsVisible = 0;
			defaultConfigurationName = Release;
		};
/* End XCConfigurationList section */
	};
	rootObject = CD3F6F142AE7B84E00F11ECB /* Project object */;
}
